// !$*UTF8*$!
{
	archiveVersion = 1;
	classes = {
	};
	objectVersion = 56;
	objects = {

/* Begin PBXBuildFile section */
		563EB0152854ED70003C78F5 /* ChartExplorerApp.swift in Sources */ = {isa = PBXBuildFile; fileRef = 563EB0142854ED70003C78F5 /* ChartExplorerApp.swift */; };
		563EB0172854ED70003C78F5 /* ContentView.swift in Sources */ = {isa = PBXBuildFile; fileRef = 563EB0162854ED70003C78F5 /* ContentView.swift */; };
		563EB0192854ED71003C78F5 /* Assets.xcassets in Resources */ = {isa = PBXBuildFile; fileRef = 563EB0182854ED71003C78F5 /* Assets.xcassets */; };
		563EB01D2854ED71003C78F5 /* Preview Assets.xcassets in Resources */ = {isa = PBXBuildFile; fileRef = 563EB01C2854ED71003C78F5 /* Preview Assets.xcassets */; };
		563EB0272854ED71003C78F5 /* ChartExplorerTests.swift in Sources */ = {isa = PBXBuildFile; fileRef = 563EB0262854ED71003C78F5 /* ChartExplorerTests.swift */; };
		563EB0312854ED71003C78F5 /* ChartExplorerUITests.swift in Sources */ = {isa = PBXBuildFile; fileRef = 563EB0302854ED71003C78F5 /* ChartExplorerUITests.swift */; };
		563EB0332854ED71003C78F5 /* ChartExplorerUITestsLaunchTests.swift in Sources */ = {isa = PBXBuildFile; fileRef = 563EB0322854ED71003C78F5 /* ChartExplorerUITestsLaunchTests.swift */; };
		563EB0402854EF86003C78F5 /* BarView.swift in Sources */ = {isa = PBXBuildFile; fileRef = 563EB03F2854EF86003C78F5 /* BarView.swift */; };
		563EB0422854F2C9003C78F5 /* PointView.swift in Sources */ = {isa = PBXBuildFile; fileRef = 563EB0412854F2C9003C78F5 /* PointView.swift */; };
/* End PBXBuildFile section */

/* Begin PBXContainerItemProxy section */
		563EB0232854ED71003C78F5 /* PBXContainerItemProxy */ = {
			isa = PBXContainerItemProxy;
			containerPortal = 563EB0092854ED70003C78F5 /* Project object */;
			proxyType = 1;
			remoteGlobalIDString = 563EB0102854ED70003C78F5;
			remoteInfo = ChartExplorer;
		};
		563EB02D2854ED71003C78F5 /* PBXContainerItemProxy */ = {
			isa = PBXContainerItemProxy;
			containerPortal = 563EB0092854ED70003C78F5 /* Project object */;
			proxyType = 1;
			remoteGlobalIDString = 563EB0102854ED70003C78F5;
			remoteInfo = ChartExplorer;
		};
/* End PBXContainerItemProxy section */

/* Begin PBXFileReference section */
		563EB0112854ED70003C78F5 /* ChartExplorer.app */ = {isa = PBXFileReference; explicitFileType = wrapper.application; includeInIndex = 0; path = ChartExplorer.app; sourceTree = BUILT_PRODUCTS_DIR; };
		563EB0142854ED70003C78F5 /* ChartExplorerApp.swift */ = {isa = PBXFileReference; lastKnownFileType = sourcecode.swift; path = ChartExplorerApp.swift; sourceTree = "<group>"; };
		563EB0162854ED70003C78F5 /* ContentView.swift */ = {isa = PBXFileReference; lastKnownFileType = sourcecode.swift; path = ContentView.swift; sourceTree = "<group>"; };
		563EB0182854ED71003C78F5 /* Assets.xcassets */ = {isa = PBXFileReference; lastKnownFileType = folder.assetcatalog; path = Assets.xcassets; sourceTree = "<group>"; };
		563EB01A2854ED71003C78F5 /* ChartExplorer.entitlements */ = {isa = PBXFileReference; lastKnownFileType = text.plist.entitlements; path = ChartExplorer.entitlements; sourceTree = "<group>"; };
		563EB01C2854ED71003C78F5 /* Preview Assets.xcassets */ = {isa = PBXFileReference; lastKnownFileType = folder.assetcatalog; path = "Preview Assets.xcassets"; sourceTree = "<group>"; };
		563EB0222854ED71003C78F5 /* ChartExplorerTests.xctest */ = {isa = PBXFileReference; explicitFileType = wrapper.cfbundle; includeInIndex = 0; path = ChartExplorerTests.xctest; sourceTree = BUILT_PRODUCTS_DIR; };
		563EB0262854ED71003C78F5 /* ChartExplorerTests.swift */ = {isa = PBXFileReference; lastKnownFileType = sourcecode.swift; path = ChartExplorerTests.swift; sourceTree = "<group>"; };
		563EB02C2854ED71003C78F5 /* ChartExplorerUITests.xctest */ = {isa = PBXFileReference; explicitFileType = wrapper.cfbundle; includeInIndex = 0; path = ChartExplorerUITests.xctest; sourceTree = BUILT_PRODUCTS_DIR; };
		563EB0302854ED71003C78F5 /* ChartExplorerUITests.swift */ = {isa = PBXFileReference; lastKnownFileType = sourcecode.swift; path = ChartExplorerUITests.swift; sourceTree = "<group>"; };
		563EB0322854ED71003C78F5 /* ChartExplorerUITestsLaunchTests.swift */ = {isa = PBXFileReference; lastKnownFileType = sourcecode.swift; path = ChartExplorerUITestsLaunchTests.swift; sourceTree = "<group>"; };
		563EB03F2854EF86003C78F5 /* BarView.swift */ = {isa = PBXFileReference; lastKnownFileType = sourcecode.swift; path = BarView.swift; sourceTree = "<group>"; };
		563EB0412854F2C9003C78F5 /* PointView.swift */ = {isa = PBXFileReference; lastKnownFileType = sourcecode.swift; path = PointView.swift; sourceTree = "<group>"; };
/* End PBXFileReference section */

/* Begin PBXFrameworksBuildPhase section */
		563EB00E2854ED70003C78F5 /* Frameworks */ = {
			isa = PBXFrameworksBuildPhase;
			buildActionMask = 2147483647;
			files = (
			);
			runOnlyForDeploymentPostprocessing = 0;
		};
		563EB01F2854ED71003C78F5 /* Frameworks */ = {
			isa = PBXFrameworksBuildPhase;
			buildActionMask = 2147483647;
			files = (
			);
			runOnlyForDeploymentPostprocessing = 0;
		};
		563EB0292854ED71003C78F5 /* Frameworks */ = {
			isa = PBXFrameworksBuildPhase;
			buildActionMask = 2147483647;
			files = (
			);
			runOnlyForDeploymentPostprocessing = 0;
		};
/* End PBXFrameworksBuildPhase section */

/* Begin PBXGroup section */
		563EB0082854ED70003C78F5 = {
			isa = PBXGroup;
			children = (
				563EB0132854ED70003C78F5 /* ChartExplorer */,
				563EB0252854ED71003C78F5 /* ChartExplorerTests */,
				563EB02F2854ED71003C78F5 /* ChartExplorerUITests */,
				563EB0122854ED70003C78F5 /* Products */,
			);
			sourceTree = "<group>";
		};
		563EB0122854ED70003C78F5 /* Products */ = {
			isa = PBXGroup;
			children = (
				563EB0112854ED70003C78F5 /* ChartExplorer.app */,
				563EB0222854ED71003C78F5 /* ChartExplorerTests.xctest */,
				563EB02C2854ED71003C78F5 /* ChartExplorerUITests.xctest */,
			);
			name = Products;
			sourceTree = "<group>";
		};
		563EB0132854ED70003C78F5 /* ChartExplorer */ = {
			isa = PBXGroup;
			children = (
				563EB0142854ED70003C78F5 /* ChartExplorerApp.swift */,
				563EB0162854ED70003C78F5 /* ContentView.swift */,
				563EB0182854ED71003C78F5 /* Assets.xcassets */,
				563EB01A2854ED71003C78F5 /* ChartExplorer.entitlements */,
				563EB01B2854ED71003C78F5 /* Preview Content */,
				563EB03F2854EF86003C78F5 /* BarView.swift */,
				563EB0412854F2C9003C78F5 /* PointView.swift */,
			);
			path = ChartExplorer;
			sourceTree = "<group>";
		};
		563EB01B2854ED71003C78F5 /* Preview Content */ = {
			isa = PBXGroup;
			children = (
				563EB01C2854ED71003C78F5 /* Preview Assets.xcassets */,
			);
			path = "Preview Content";
			sourceTree = "<group>";
		};
		563EB0252854ED71003C78F5 /* ChartExplorerTests */ = {
			isa = PBXGroup;
			children = (
				563EB0262854ED71003C78F5 /* ChartExplorerTests.swift */,
			);
			path = ChartExplorerTests;
			sourceTree = "<group>";
		};
		563EB02F2854ED71003C78F5 /* ChartExplorerUITests */ = {
			isa = PBXGroup;
			children = (
				563EB0302854ED71003C78F5 /* ChartExplorerUITests.swift */,
				563EB0322854ED71003C78F5 /* ChartExplorerUITestsLaunchTests.swift */,
			);
			path = ChartExplorerUITests;
			sourceTree = "<group>";
		};
/* End PBXGroup section */

/* Begin PBXNativeTarget section */
		563EB0102854ED70003C78F5 /* ChartExplorer */ = {
			isa = PBXNativeTarget;
			buildConfigurationList = 563EB0362854ED71003C78F5 /* Build configuration list for PBXNativeTarget "ChartExplorer" */;
			buildPhases = (
				563EB00D2854ED70003C78F5 /* Sources */,
				563EB00E2854ED70003C78F5 /* Frameworks */,
				563EB00F2854ED70003C78F5 /* Resources */,
			);
			buildRules = (
			);
			dependencies = (
			);
			name = ChartExplorer;
			productName = ChartExplorer;
			productReference = 563EB0112854ED70003C78F5 /* ChartExplorer.app */;
			productType = "com.apple.product-type.application";
		};
		563EB0212854ED71003C78F5 /* ChartExplorerTests */ = {
			isa = PBXNativeTarget;
			buildConfigurationList = 563EB0392854ED71003C78F5 /* Build configuration list for PBXNativeTarget "ChartExplorerTests" */;
			buildPhases = (
				563EB01E2854ED71003C78F5 /* Sources */,
				563EB01F2854ED71003C78F5 /* Frameworks */,
				563EB0202854ED71003C78F5 /* Resources */,
			);
			buildRules = (
			);
			dependencies = (
				563EB0242854ED71003C78F5 /* PBXTargetDependency */,
			);
			name = ChartExplorerTests;
			productName = ChartExplorerTests;
			productReference = 563EB0222854ED71003C78F5 /* ChartExplorerTests.xctest */;
			productType = "com.apple.product-type.bundle.unit-test";
		};
		563EB02B2854ED71003C78F5 /* ChartExplorerUITests */ = {
			isa = PBXNativeTarget;
			buildConfigurationList = 563EB03C2854ED71003C78F5 /* Build configuration list for PBXNativeTarget "ChartExplorerUITests" */;
			buildPhases = (
				563EB0282854ED71003C78F5 /* Sources */,
				563EB0292854ED71003C78F5 /* Frameworks */,
				563EB02A2854ED71003C78F5 /* Resources */,
			);
			buildRules = (
			);
			dependencies = (
				563EB02E2854ED71003C78F5 /* PBXTargetDependency */,
			);
			name = ChartExplorerUITests;
			productName = ChartExplorerUITests;
			productReference = 563EB02C2854ED71003C78F5 /* ChartExplorerUITests.xctest */;
			productType = "com.apple.product-type.bundle.ui-testing";
		};
/* End PBXNativeTarget section */

/* Begin PBXProject section */
		563EB0092854ED70003C78F5 /* Project object */ = {
			isa = PBXProject;
			attributes = {
				BuildIndependentTargetsInParallel = 1;
				LastSwiftUpdateCheck = 1400;
				LastUpgradeCheck = 1400;
				TargetAttributes = {
					563EB0102854ED70003C78F5 = {
						CreatedOnToolsVersion = 14.0;
					};
					563EB0212854ED71003C78F5 = {
						CreatedOnToolsVersion = 14.0;
						TestTargetID = 563EB0102854ED70003C78F5;
					};
					563EB02B2854ED71003C78F5 = {
						CreatedOnToolsVersion = 14.0;
						TestTargetID = 563EB0102854ED70003C78F5;
					};
				};
			};
			buildConfigurationList = 563EB00C2854ED70003C78F5 /* Build configuration list for PBXProject "ChartExplorer" */;
			compatibilityVersion = "Xcode 14.0";
			developmentRegion = en;
			hasScannedForEncodings = 0;
			knownRegions = (
				en,
				Base,
			);
			mainGroup = 563EB0082854ED70003C78F5;
			productRefGroup = 563EB0122854ED70003C78F5 /* Products */;
			projectDirPath = "";
			projectRoot = "";
			targets = (
				563EB0102854ED70003C78F5 /* ChartExplorer */,
				563EB0212854ED71003C78F5 /* ChartExplorerTests */,
				563EB02B2854ED71003C78F5 /* ChartExplorerUITests */,
			);
		};
/* End PBXProject section */

/* Begin PBXResourcesBuildPhase section */
		563EB00F2854ED70003C78F5 /* Resources */ = {
			isa = PBXResourcesBuildPhase;
			buildActionMask = 2147483647;
			files = (
				563EB01D2854ED71003C78F5 /* Preview Assets.xcassets in Resources */,
				563EB0192854ED71003C78F5 /* Assets.xcassets in Resources */,
			);
			runOnlyForDeploymentPostprocessing = 0;
		};
		563EB0202854ED71003C78F5 /* Resources */ = {
			isa = PBXResourcesBuildPhase;
			buildActionMask = 2147483647;
			files = (
			);
			runOnlyForDeploymentPostprocessing = 0;
		};
		563EB02A2854ED71003C78F5 /* Resources */ = {
			isa = PBXResourcesBuildPhase;
			buildActionMask = 2147483647;
			files = (
			);
			runOnlyForDeploymentPostprocessing = 0;
		};
/* End PBXResourcesBuildPhase section */

/* Begin PBXSourcesBuildPhase section */
		563EB00D2854ED70003C78F5 /* Sources */ = {
			isa = PBXSourcesBuildPhase;
			buildActionMask = 2147483647;
			files = (
				563EB0402854EF86003C78F5 /* BarView.swift in Sources */,
				563EB0172854ED70003C78F5 /* ContentView.swift in Sources */,
				563EB0152854ED70003C78F5 /* ChartExplorerApp.swift in Sources */,
				563EB0422854F2C9003C78F5 /* PointView.swift in Sources */,
			);
			runOnlyForDeploymentPostprocessing = 0;
		};
		563EB01E2854ED71003C78F5 /* Sources */ = {
			isa = PBXSourcesBuildPhase;
			buildActionMask = 2147483647;
			files = (
				563EB0272854ED71003C78F5 /* ChartExplorerTests.swift in Sources */,
			);
			runOnlyForDeploymentPostprocessing = 0;
		};
		563EB0282854ED71003C78F5 /* Sources */ = {
			isa = PBXSourcesBuildPhase;
			buildActionMask = 2147483647;
			files = (
				563EB0332854ED71003C78F5 /* ChartExplorerUITestsLaunchTests.swift in Sources */,
				563EB0312854ED71003C78F5 /* ChartExplorerUITests.swift in Sources */,
			);
			runOnlyForDeploymentPostprocessing = 0;
		};
/* End PBXSourcesBuildPhase section */

/* Begin PBXTargetDependency section */
		563EB0242854ED71003C78F5 /* PBXTargetDependency */ = {
			isa = PBXTargetDependency;
			target = 563EB0102854ED70003C78F5 /* ChartExplorer */;
			targetProxy = 563EB0232854ED71003C78F5 /* PBXContainerItemProxy */;
		};
		563EB02E2854ED71003C78F5 /* PBXTargetDependency */ = {
			isa = PBXTargetDependency;
			target = 563EB0102854ED70003C78F5 /* ChartExplorer */;
			targetProxy = 563EB02D2854ED71003C78F5 /* PBXContainerItemProxy */;
		};
/* End PBXTargetDependency section */

/* Begin XCBuildConfiguration section */
		563EB0342854ED71003C78F5 /* Debug */ = {
			isa = XCBuildConfiguration;
			buildSettings = {
				ALWAYS_SEARCH_USER_PATHS = NO;
				CLANG_ANALYZER_NONNULL = YES;
				CLANG_ANALYZER_NUMBER_OBJECT_CONVERSION = YES_AGGRESSIVE;
				CLANG_CXX_LANGUAGE_STANDARD = "gnu++17";
				CLANG_ENABLE_MODULES = YES;
				CLANG_ENABLE_OBJC_ARC = YES;
				CLANG_ENABLE_OBJC_WEAK = YES;
				CLANG_WARN_BLOCK_CAPTURE_AUTORELEASING = YES;
				CLANG_WARN_BOOL_CONVERSION = YES;
				CLANG_WARN_COMMA = YES;
				CLANG_WARN_CONSTANT_CONVERSION = YES;
				CLANG_WARN_DEPRECATED_OBJC_IMPLEMENTATIONS = YES;
				CLANG_WARN_DIRECT_OBJC_ISA_USAGE = YES_ERROR;
				CLANG_WARN_DOCUMENTATION_COMMENTS = YES;
				CLANG_WARN_EMPTY_BODY = YES;
				CLANG_WARN_ENUM_CONVERSION = YES;
				CLANG_WARN_INFINITE_RECURSION = YES;
				CLANG_WARN_INT_CONVERSION = YES;
				CLANG_WARN_NON_LITERAL_NULL_CONVERSION = YES;
				CLANG_WARN_OBJC_IMPLICIT_RETAIN_SELF = YES;
				CLANG_WARN_OBJC_LITERAL_CONVERSION = YES;
				CLANG_WARN_OBJC_ROOT_CLASS = YES_ERROR;
				CLANG_WARN_QUOTED_INCLUDE_IN_FRAMEWORK_HEADER = YES;
				CLANG_WARN_RANGE_LOOP_ANALYSIS = YES;
				CLANG_WARN_STRICT_PROTOTYPES = YES;
				CLANG_WARN_SUSPICIOUS_MOVE = YES;
				CLANG_WARN_UNGUARDED_AVAILABILITY = YES_AGGRESSIVE;
				CLANG_WARN_UNREACHABLE_CODE = YES;
				CLANG_WARN__DUPLICATE_METHOD_MATCH = YES;
				COPY_PHASE_STRIP = NO;
				DEBUG_INFORMATION_FORMAT = dwarf;
				ENABLE_STRICT_OBJC_MSGSEND = YES;
				ENABLE_TESTABILITY = YES;
				GCC_C_LANGUAGE_STANDARD = gnu11;
				GCC_DYNAMIC_NO_PIC = NO;
				GCC_NO_COMMON_BLOCKS = YES;
				GCC_OPTIMIZATION_LEVEL = 0;
				GCC_PREPROCESSOR_DEFINITIONS = (
					"DEBUG=1",
					"$(inherited)",
				);
				GCC_WARN_64_TO_32_BIT_CONVERSION = YES;
				GCC_WARN_ABOUT_RETURN_TYPE = YES_ERROR;
				GCC_WARN_UNDECLARED_SELECTOR = YES;
				GCC_WARN_UNINITIALIZED_AUTOS = YES_AGGRESSIVE;
				GCC_WARN_UNUSED_FUNCTION = YES;
				GCC_WARN_UNUSED_VARIABLE = YES;
				MTL_ENABLE_DEBUG_INFO = INCLUDE_SOURCE;
				MTL_FAST_MATH = YES;
				ONLY_ACTIVE_ARCH = YES;
				SWIFT_ACTIVE_COMPILATION_CONDITIONS = DEBUG;
				SWIFT_OPTIMIZATION_LEVEL = "-Onone";
			};
			name = Debug;
		};
		563EB0352854ED71003C78F5 /* Release */ = {
			isa = XCBuildConfiguration;
			buildSettings = {
				ALWAYS_SEARCH_USER_PATHS = NO;
				CLANG_ANALYZER_NONNULL = YES;
				CLANG_ANALYZER_NUMBER_OBJECT_CONVERSION = YES_AGGRESSIVE;
				CLANG_CXX_LANGUAGE_STANDARD = "gnu++17";
				CLANG_ENABLE_MODULES = YES;
				CLANG_ENABLE_OBJC_ARC = YES;
				CLANG_ENABLE_OBJC_WEAK = YES;
				CLANG_WARN_BLOCK_CAPTURE_AUTORELEASING = YES;
				CLANG_WARN_BOOL_CONVERSION = YES;
				CLANG_WARN_COMMA = YES;
				CLANG_WARN_CONSTANT_CONVERSION = YES;
				CLANG_WARN_DEPRECATED_OBJC_IMPLEMENTATIONS = YES;
				CLANG_WARN_DIRECT_OBJC_ISA_USAGE = YES_ERROR;
				CLANG_WARN_DOCUMENTATION_COMMENTS = YES;
				CLANG_WARN_EMPTY_BODY = YES;
				CLANG_WARN_ENUM_CONVERSION = YES;
				CLANG_WARN_INFINITE_RECURSION = YES;
				CLANG_WARN_INT_CONVERSION = YES;
				CLANG_WARN_NON_LITERAL_NULL_CONVERSION = YES;
				CLANG_WARN_OBJC_IMPLICIT_RETAIN_SELF = YES;
				CLANG_WARN_OBJC_LITERAL_CONVERSION = YES;
				CLANG_WARN_OBJC_ROOT_CLASS = YES_ERROR;
				CLANG_WARN_QUOTED_INCLUDE_IN_FRAMEWORK_HEADER = YES;
				CLANG_WARN_RANGE_LOOP_ANALYSIS = YES;
				CLANG_WARN_STRICT_PROTOTYPES = YES;
				CLANG_WARN_SUSPICIOUS_MOVE = YES;
				CLANG_WARN_UNGUARDED_AVAILABILITY = YES_AGGRESSIVE;
				CLANG_WARN_UNREACHABLE_CODE = YES;
				CLANG_WARN__DUPLICATE_METHOD_MATCH = YES;
				COPY_PHASE_STRIP = NO;
				DEBUG_INFORMATION_FORMAT = "dwarf-with-dsym";
				ENABLE_NS_ASSERTIONS = NO;
				ENABLE_STRICT_OBJC_MSGSEND = YES;
				GCC_C_LANGUAGE_STANDARD = gnu11;
				GCC_NO_COMMON_BLOCKS = YES;
				GCC_WARN_64_TO_32_BIT_CONVERSION = YES;
				GCC_WARN_ABOUT_RETURN_TYPE = YES_ERROR;
				GCC_WARN_UNDECLARED_SELECTOR = YES;
				GCC_WARN_UNINITIALIZED_AUTOS = YES_AGGRESSIVE;
				GCC_WARN_UNUSED_FUNCTION = YES;
				GCC_WARN_UNUSED_VARIABLE = YES;
				MTL_ENABLE_DEBUG_INFO = NO;
				MTL_FAST_MATH = YES;
				SWIFT_COMPILATION_MODE = wholemodule;
				SWIFT_OPTIMIZATION_LEVEL = "-O";
			};
			name = Release;
		};
		563EB0372854ED71003C78F5 /* Debug */ = {
			isa = XCBuildConfiguration;
			buildSettings = {
				ASSETCATALOG_COMPILER_APPICON_NAME = AppIcon;
				ASSETCATALOG_COMPILER_GLOBAL_ACCENT_COLOR_NAME = AccentColor;
				CODE_SIGN_ENTITLEMENTS = ChartExplorer/ChartExplorer.entitlements;
				CODE_SIGN_STYLE = Automatic;
				CURRENT_PROJECT_VERSION = 1;
				DEVELOPMENT_ASSET_PATHS = "\"ChartExplorer/Preview Content\"";
				ENABLE_PREVIEWS = YES;
				GENERATE_INFOPLIST_FILE = YES;
				"INFOPLIST_KEY_UILaunchScreen_Generation[sdk=iphoneos*]" = YES;
				"INFOPLIST_KEY_UILaunchScreen_Generation[sdk=iphonesimulator*]" = YES;
				INFOPLIST_KEY_UISupportedInterfaceOrientations_iPad = "UIInterfaceOrientationPortrait UIInterfaceOrientationPortraitUpsideDown UIInterfaceOrientationLandscapeLeft UIInterfaceOrientationLandscapeRight";
				INFOPLIST_KEY_UISupportedInterfaceOrientations_iPhone = "UIInterfaceOrientationPortrait UIInterfaceOrientationLandscapeLeft UIInterfaceOrientationLandscapeRight";
				IPHONEOS_DEPLOYMENT_TARGET = 16.0;
				LD_RUNPATH_SEARCH_PATHS = "@executable_path/Frameworks";
				"LD_RUNPATH_SEARCH_PATHS[sdk=macosx*]" = "@executable_path/../Frameworks";
				MACOSX_DEPLOYMENT_TARGET = 12.4;
				MARKETING_VERSION = 1.0;
				PRODUCT_BUNDLE_IDENTIFIER = com.objectgraph.ChartExplorer;
				PRODUCT_NAME = "$(TARGET_NAME)";
				SDKROOT = auto;
				SUPPORTED_PLATFORMS = "iphoneos iphonesimulator macosx";
				SWIFT_EMIT_LOC_STRINGS = YES;
				SWIFT_VERSION = 5.0;
				TARGETED_DEVICE_FAMILY = "1,2";
			};
			name = Debug;
		};
		563EB0382854ED71003C78F5 /* Release */ = {
			isa = XCBuildConfiguration;
			buildSettings = {
				ASSETCATALOG_COMPILER_APPICON_NAME = AppIcon;
				ASSETCATALOG_COMPILER_GLOBAL_ACCENT_COLOR_NAME = AccentColor;
				CODE_SIGN_ENTITLEMENTS = ChartExplorer/ChartExplorer.entitlements;
				CODE_SIGN_STYLE = Automatic;
				CURRENT_PROJECT_VERSION = 1;
				DEVELOPMENT_ASSET_PATHS = "\"ChartExplorer/Preview Content\"";
				ENABLE_PREVIEWS = YES;
				GENERATE_INFOPLIST_FILE = YES;
				"INFOPLIST_KEY_UILaunchScreen_Generation[sdk=iphoneos*]" = YES;
				"INFOPLIST_KEY_UILaunchScreen_Generation[sdk=iphonesimulator*]" = YES;
				INFOPLIST_KEY_UISupportedInterfaceOrientations_iPad = "UIInterfaceOrientationPortrait UIInterfaceOrientationPortraitUpsideDown UIInterfaceOrientationLandscapeLeft UIInterfaceOrientationLandscapeRight";
				INFOPLIST_KEY_UISupportedInterfaceOrientations_iPhone = "UIInterfaceOrientationPortrait UIInterfaceOrientationLandscapeLeft UIInterfaceOrientationLandscapeRight";
				IPHONEOS_DEPLOYMENT_TARGET = 16.0;
				LD_RUNPATH_SEARCH_PATHS = "@executable_path/Frameworks";
				"LD_RUNPATH_SEARCH_PATHS[sdk=macosx*]" = "@executable_path/../Frameworks";
				MACOSX_DEPLOYMENT_TARGET = 12.4;
				MARKETING_VERSION = 1.0;
				PRODUCT_BUNDLE_IDENTIFIER = com.objectgraph.ChartExplorer;
				PRODUCT_NAME = "$(TARGET_NAME)";
				SDKROOT = auto;
				SUPPORTED_PLATFORMS = "iphoneos iphonesimulator macosx";
				SWIFT_EMIT_LOC_STRINGS = YES;
				SWIFT_VERSION = 5.0;
				TARGETED_DEVICE_FAMILY = "1,2";
			};
			name = Release;
		};
		563EB03A2854ED71003C78F5 /* Debug */ = {
			isa = XCBuildConfiguration;
			buildSettings = {
				ALWAYS_EMBED_SWIFT_STANDARD_LIBRARIES = YES;
				BUNDLE_LOADER = "$(TEST_HOST)";
				CODE_SIGN_STYLE = Automatic;
				CURRENT_PROJECT_VERSION = 1;
				GENERATE_INFOPLIST_FILE = YES;
				IPHONEOS_DEPLOYMENT_TARGET = 16.0;
				MACOSX_DEPLOYMENT_TARGET = 12.4;
				MARKETING_VERSION = 1.0;
				PRODUCT_BUNDLE_IDENTIFIER = com.objectgraph.ChartExplorerTests;
				PRODUCT_NAME = "$(TARGET_NAME)";
				SDKROOT = auto;
				SUPPORTED_PLATFORMS = "iphoneos iphonesimulator macosx";
				SWIFT_EMIT_LOC_STRINGS = NO;
				SWIFT_VERSION = 5.0;
				TARGETED_DEVICE_FAMILY = "1,2";
				TEST_HOST = "$(BUILT_PRODUCTS_DIR)/ChartExplorer.app/$(BUNDLE_EXECUTABLE_FOLDER_PATH)/ChartExplorer";
			};
			name = Debug;
		};
		563EB03B2854ED71003C78F5 /* Release */ = {
			isa = XCBuildConfiguration;
			buildSettings = {
				ALWAYS_EMBED_SWIFT_STANDARD_LIBRARIES = YES;
				BUNDLE_LOADER = "$(TEST_HOST)";
				CODE_SIGN_STYLE = Automatic;
				CURRENT_PROJECT_VERSION = 1;
				GENERATE_INFOPLIST_FILE = YES;
				IPHONEOS_DEPLOYMENT_TARGET = 16.0;
				MACOSX_DEPLOYMENT_TARGET = 12.4;
				MARKETING_VERSION = 1.0;
				PRODUCT_BUNDLE_IDENTIFIER = com.objectgraph.ChartExplorerTests;
				PRODUCT_NAME = "$(TARGET_NAME)";
				SDKROOT = auto;
				SUPPORTED_PLATFORMS = "iphoneos iphonesimulator macosx";
				SWIFT_EMIT_LOC_STRINGS = NO;
				SWIFT_VERSION = 5.0;
				TARGETED_DEVICE_FAMILY = "1,2";
				TEST_HOST = "$(BUILT_PRODUCTS_DIR)/ChartExplorer.app/$(BUNDLE_EXECUTABLE_FOLDER_PATH)/ChartExplorer";
			};
			name = Release;
		};
		563EB03D2854ED71003C78F5 /* Debug */ = {
			isa = XCBuildConfiguration;
			buildSettings = {
				ALWAYS_EMBED_SWIFT_STANDARD_LIBRARIES = YES;
				CODE_SIGN_STYLE = Automatic;
				CURRENT_PROJECT_VERSION = 1;
				GENERATE_INFOPLIST_FILE = YES;
				IPHONEOS_DEPLOYMENT_TARGET = 16.0;
				MACOSX_DEPLOYMENT_TARGET = 12.4;
				MARKETING_VERSION = 1.0;
				PRODUCT_BUNDLE_IDENTIFIER = com.objectgraph.ChartExplorerUITests;
				PRODUCT_NAME = "$(TARGET_NAME)";
				SDKROOT = auto;
				SUPPORTED_PLATFORMS = "iphoneos iphonesimulator macosx";
				SWIFT_EMIT_LOC_STRINGS = NO;
				SWIFT_VERSION = 5.0;
				TARGETED_DEVICE_FAMILY = "1,2";
				TEST_TARGET_NAME = ChartExplorer;
			};
			name = Debug;
		};
		563EB03E2854ED71003C78F5 /* Release */ = {
			isa = XCBuildConfiguration;
			buildSettings = {
				ALWAYS_EMBED_SWIFT_STANDARD_LIBRARIES = YES;
				CODE_SIGN_STYLE = Automatic;
				CURRENT_PROJECT_VERSION = 1;
				GENERATE_INFOPLIST_FILE = YES;
				IPHONEOS_DEPLOYMENT_TARGET = 16.0;
				MACOSX_DEPLOYMENT_TARGET = 12.4;
				MARKETING_VERSION = 1.0;
				PRODUCT_BUNDLE_IDENTIFIER = com.objectgraph.ChartExplorerUITests;
				PRODUCT_NAME = "$(TARGET_NAME)";
				SDKROOT = auto;
				SUPPORTED_PLATFORMS = "iphoneos iphonesimulator macosx";
				SWIFT_EMIT_LOC_STRINGS = NO;
				SWIFT_VERSION = 5.0;
				TARGETED_DEVICE_FAMILY = "1,2";
				TEST_TARGET_NAME = ChartExplorer;
			};
			name = Release;
		};
/* End XCBuildConfiguration section */

/* Begin XCConfigurationList section */
		563EB00C2854ED70003C78F5 /* Build configuration list for PBXProject "ChartExplorer" */ = {
			isa = XCConfigurationList;
			buildConfigurations = (
				563EB0342854ED71003C78F5 /* Debug */,
				563EB0352854ED71003C78F5 /* Release */,
			);
			defaultConfigurationIsVisible = 0;
			defaultConfigurationName = Release;
		};
		563EB0362854ED71003C78F5 /* Build configuration list for PBXNativeTarget "ChartExplorer" */ = {
			isa = XCConfigurationList;
			buildConfigurations = (
				563EB0372854ED71003C78F5 /* Debug */,
				563EB0382854ED71003C78F5 /* Release */,
			);
			defaultConfigurationIsVisible = 0;
			defaultConfigurationName = Release;
		};
		563EB0392854ED71003C78F5 /* Build configuration list for PBXNativeTarget "ChartExplorerTests" */ = {
			isa = XCConfigurationList;
			buildConfigurations = (
				563EB03A2854ED71003C78F5 /* Debug */,
				563EB03B2854ED71003C78F5 /* Release */,
			);
			defaultConfigurationIsVisible = 0;
			defaultConfigurationName = Release;
		};
		563EB03C2854ED71003C78F5 /* Build configuration list for PBXNativeTarget "ChartExplorerUITests" */ = {
			isa = XCConfigurationList;
			buildConfigurations = (
				563EB03D2854ED71003C78F5 /* Debug */,
				563EB03E2854ED71003C78F5 /* Release */,
			);
			defaultConfigurationIsVisible = 0;
			defaultConfigurationName = Release;
		};
/* End XCConfigurationList section */
	};
	rootObject = 563EB0092854ED70003C78F5 /* Project object */;
}
